
Microsoft Visual Studio Solution File, Format Version 12.00
# Visual Studio Version 16
VisualStudioVersion = 16.0.30711.63
MinimumVisualStudioVersion = 10.0.40219.1
Project("{FAE04EC0-301F-11D3-BF4B-00C04F79EFBC}") = "TransactionalBatchDemo", "TransactionalBatchDemo\TransactionalBatchDemo.csproj", "{7498AFCE-ABA4-4EB0-8839-87A8AE0DB07C}"
EndProject
Global
	GlobalSection(SolutionConfigurationPlatforms) = preSolution
		Debug|Any CPU = Debug|Any CPU
		Release|Any CPU = Release|Any CPU
	EndGlobalSection
	GlobalSection(ProjectConfigurationPlatforms) = postSolution
		{7498AFCE-ABA4-4EB0-8839-87A8AE0DB07C}.Debug|Any CPU.ActiveCfg = Debug|Any CPU
		{7498AFCE-ABA4-4EB0-8839-87A8AE0DB07C}.Debug|Any CPU.Build.0 = Debug|Any CPU
		{7498AFCE-ABA4-4EB0-8839-87A8AE0DB07C}.Release|Any CPU.ActiveCfg = Release|Any CPU
		{7498AFCE-ABA4-4EB0-8839-87A8AE0DB07C}.Release|Any CPU.Build.0 = Release|Any CPU
	EndGlobalSection
	GlobalSection(SolutionProperties) = preSolution
		HideSolutionNode = FALSE
	EndGlobalSection
	GlobalSection(ExtensibilityGlobals) = postSolution
		SolutionGuid = {92A39410-BB68-4B25-B3C5-30F0B0E3D2ED}
	EndGlobalSection
EndGlobal
