
Microsoft Visual Studio Solution File, Format Version 12.00
# Visual Studio Version 16
VisualStudioVersion = 16.0.30204.135
MinimumVisualStudioVersion = 10.0.40219.1
Project("{FAE04EC0-301F-11D3-BF4B-00C04F79EFBC}") = "PartitioningDemo", "PartitioningDemo\PartitioningDemo.csproj", "{A80D67F4-F257-4D3B-BCD5-0C8C2DF5B551}"
EndProject
Global
	GlobalSection(SolutionConfigurationPlatforms) = preSolution
		Debug|Any CPU = Debug|Any CPU
		Release|Any CPU = Release|Any CPU
	EndGlobalSection
	GlobalSection(ProjectConfigurationPlatforms) = postSolution
		{A80D67F4-F257-4D3B-BCD5-0C8C2DF5B551}.Debug|Any CPU.ActiveCfg = Debug|Any CPU
		{A80D67F4-F257-4D3B-BCD5-0C8C2DF5B551}.Debug|Any CPU.Build.0 = Debug|Any CPU
		{A80D67F4-F257-4D3B-BCD5-0C8C2DF5B551}.Release|Any CPU.ActiveCfg = Release|Any CPU
		{A80D67F4-F257-4D3B-BCD5-0C8C2DF5B551}.Release|Any CPU.Build.0 = Release|Any CPU
	EndGlobalSection
	GlobalSection(SolutionProperties) = preSolution
		HideSolutionNode = FALSE
	EndGlobalSection
	GlobalSection(ExtensibilityGlobals) = postSolution
		SolutionGuid = {061FD745-03C2-484E-9C02-F8BFA9BEA63F}
	EndGlobalSection
EndGlobal
